
Microsoft Visual Studio Solution File, Format Version 12.00
# Visual Studio 15
Project("{FAE04EC0-301F-11D3-BF4B-00C04F79EFBC}") = "Assembly-CSharp", "Assembly-CSharp.csproj", "{319C8D55-1EB5-2750-5B81-CA0386817C50}"
EndProject
Project("{FAE04EC0-301F-11D3-BF4B-00C04F79EFBC}") = "Uween.Runtime", "Uween.Runtime.csproj", "{C3045846-46CE-03ED-61C4-A79EBB5E01F9}"
EndProject
Global
	GlobalSection(SolutionConfigurationPlatforms) = preSolution
		Debug|Any CPU = Debug|Any CPU
		Release|Any CPU = Release|Any CPU
	EndGlobalSection
	GlobalSection(ProjectConfigurationPlatforms) = postSolution
		{319C8D55-1EB5-2750-5B81-CA0386817C50}.Debug|Any CPU.ActiveCfg = Debug|Any CPU
		{319C8D55-1EB5-2750-5B81-CA0386817C50}.Debug|Any CPU.Build.0 = Debug|Any CPU
		{319C8D55-1EB5-2750-5B81-CA0386817C50}.Release|Any CPU.ActiveCfg = Release|Any CPU
		{319C8D55-1EB5-2750-5B81-CA0386817C50}.Release|Any CPU.Build.0 = Release|Any CPU
		{C3045846-46CE-03ED-61C4-A79EBB5E01F9}.Debug|Any CPU.ActiveCfg = Debug|Any CPU
		{C3045846-46CE-03ED-61C4-A79EBB5E01F9}.Debug|Any CPU.Build.0 = Debug|Any CPU
		{C3045846-46CE-03ED-61C4-A79EBB5E01F9}.Release|Any CPU.ActiveCfg = Release|Any CPU
		{C3045846-46CE-03ED-61C4-A79EBB5E01F9}.Release|Any CPU.Build.0 = Release|Any CPU
	EndGlobalSection
	GlobalSection(SolutionProperties) = preSolution
		HideSolutionNode = FALSE
	EndGlobalSection
EndGlobal
